// !$*UTF8*$!
{
	archiveVersion = 1;
	classes = {
	};
	objectVersion = 46;
	objects = {

/* Begin PBXBuildFile section */
		8907DA8A1C65869E00743DC3 /* MaterialView.swift in Sources */ = {isa = PBXBuildFile; fileRef = 8907DA891C65869E00743DC3 /* MaterialView.swift */; };
		8907DA8D1C6586F100743DC3 /* Constants.swift in Sources */ = {isa = PBXBuildFile; fileRef = 8907DA8C1C6586F100743DC3 /* Constants.swift */; };
		89539C761C715D2A006E6259 /* DataService.swift in Sources */ = {isa = PBXBuildFile; fileRef = 89539C751C715D2A006E6259 /* DataService.swift */; };
		89539C781C716161006E6259 /* LoginViewController.swift in Sources */ = {isa = PBXBuildFile; fileRef = 89539C771C716161006E6259 /* LoginViewController.swift */; };
		89539C7B1C7162EF006E6259 /* Main.storyboard in Resources */ = {isa = PBXBuildFile; fileRef = 89539C791C7162EF006E6259 /* Main.storyboard */; };
		89907E0D1C6025DE00563F75 /* AppDelegate.swift in Sources */ = {isa = PBXBuildFile; fileRef = 89907E0C1C6025DE00563F75 /* AppDelegate.swift */; };
		89907E141C6025DE00563F75 /* Assets.xcassets in Resources */ = {isa = PBXBuildFile; fileRef = 89907E131C6025DE00563F75 /* Assets.xcassets */; };
		89907E171C6025DE00563F75 /* LaunchScreen.storyboard in Resources */ = {isa = PBXBuildFile; fileRef = 89907E151C6025DE00563F75 /* LaunchScreen.storyboard */; };
		89907E221C6025DE00563F75 /* Baseball_Calculator_2_0Tests.swift in Sources */ = {isa = PBXBuildFile; fileRef = 89907E211C6025DE00563F75 /* Baseball_Calculator_2_0Tests.swift */; };
		89907E2D1C6025DE00563F75 /* Baseball_Calculator_2_0UITests.swift in Sources */ = {isa = PBXBuildFile; fileRef = 89907E2C1C6025DE00563F75 /* Baseball_Calculator_2_0UITests.swift */; };
		E0CF2EA911ABE14C4B1F0A2E /* Pods_Baseball_Calculator_2_0.framework in Frameworks */ = {isa = PBXBuildFile; fileRef = 0CED6A7B5B04F26E5262F45E /* Pods_Baseball_Calculator_2_0.framework */; };
/* End PBXBuildFile section */

/* Begin PBXContainerItemProxy section */
		89907E1E1C6025DE00563F75 /* PBXContainerItemProxy */ = {
			isa = PBXContainerItemProxy;
			containerPortal = 89907E011C6025DE00563F75 /* Project object */;
			proxyType = 1;
			remoteGlobalIDString = 89907E081C6025DE00563F75;
			remoteInfo = "Baseball Calculator 2.0";
		};
		89907E291C6025DE00563F75 /* PBXContainerItemProxy */ = {
			isa = PBXContainerItemProxy;
			containerPortal = 89907E011C6025DE00563F75 /* Project object */;
			proxyType = 1;
			remoteGlobalIDString = 89907E081C6025DE00563F75;
			remoteInfo = "Baseball Calculator 2.0";
		};
/* End PBXContainerItemProxy section */

/* Begin PBXFileReference section */
		0CED6A7B5B04F26E5262F45E /* Pods_Baseball_Calculator_2_0.framework */ = {isa = PBXFileReference; explicitFileType = wrapper.framework; includeInIndex = 0; path = Pods_Baseball_Calculator_2_0.framework; sourceTree = BUILT_PRODUCTS_DIR; };
		8907DA891C65869E00743DC3 /* MaterialView.swift */ = {isa = PBXFileReference; fileEncoding = 4; lastKnownFileType = sourcecode.swift; path = MaterialView.swift; sourceTree = "<group>"; };
		8907DA8C1C6586F100743DC3 /* Constants.swift */ = {isa = PBXFileReference; fileEncoding = 4; lastKnownFileType = sourcecode.swift; path = Constants.swift; sourceTree = "<group>"; };
		89539C751C715D2A006E6259 /* DataService.swift */ = {isa = PBXFileReference; fileEncoding = 4; lastKnownFileType = sourcecode.swift; path = DataService.swift; sourceTree = "<group>"; };
		89539C771C716161006E6259 /* LoginViewController.swift */ = {isa = PBXFileReference; fileEncoding = 4; lastKnownFileType = sourcecode.swift; path = LoginViewController.swift; sourceTree = "<group>"; };
		89539C7A1C7162EF006E6259 /* Base */ = {isa = PBXFileReference; lastKnownFileType = file.storyboard; name = Base; path = Base.lproj/Main.storyboard; sourceTree = "<group>"; };
		89907E091C6025DE00563F75 /* Baseball Calculator 2.0.app */ = {isa = PBXFileReference; explicitFileType = wrapper.application; includeInIndex = 0; path = "Baseball Calculator 2.0.app"; sourceTree = BUILT_PRODUCTS_DIR; };
		89907E0C1C6025DE00563F75 /* AppDelegate.swift */ = {isa = PBXFileReference; lastKnownFileType = sourcecode.swift; path = AppDelegate.swift; sourceTree = "<group>"; };
		89907E131C6025DE00563F75 /* Assets.xcassets */ = {isa = PBXFileReference; lastKnownFileType = folder.assetcatalog; path = Assets.xcassets; sourceTree = "<group>"; };
		89907E161C6025DE00563F75 /* Base */ = {isa = PBXFileReference; lastKnownFileType = file.storyboard; name = Base; path = Base.lproj/LaunchScreen.storyboard; sourceTree = "<group>"; };
		89907E181C6025DE00563F75 /* Info.plist */ = {isa = PBXFileReference; lastKnownFileType = text.plist.xml; path = Info.plist; sourceTree = "<group>"; };
		89907E1D1C6025DE00563F75 /* Baseball Calculator 2.0Tests.xctest */ = {isa = PBXFileReference; explicitFileType = wrapper.cfbundle; includeInIndex = 0; path = "Baseball Calculator 2.0Tests.xctest"; sourceTree = BUILT_PRODUCTS_DIR; };
		89907E211C6025DE00563F75 /* Baseball_Calculator_2_0Tests.swift */ = {isa = PBXFileReference; lastKnownFileType = sourcecode.swift; path = Baseball_Calculator_2_0Tests.swift; sourceTree = "<group>"; };
		89907E231C6025DE00563F75 /* Info.plist */ = {isa = PBXFileReference; lastKnownFileType = text.plist.xml; path = Info.plist; sourceTree = "<group>"; };
		89907E281C6025DE00563F75 /* Baseball Calculator 2.0UITests.xctest */ = {isa = PBXFileReference; explicitFileType = wrapper.cfbundle; includeInIndex = 0; path = "Baseball Calculator 2.0UITests.xctest"; sourceTree = BUILT_PRODUCTS_DIR; };
		89907E2C1C6025DE00563F75 /* Baseball_Calculator_2_0UITests.swift */ = {isa = PBXFileReference; lastKnownFileType = sourcecode.swift; path = Baseball_Calculator_2_0UITests.swift; sourceTree = "<group>"; };
		89907E2E1C6025DE00563F75 /* Info.plist */ = {isa = PBXFileReference; lastKnownFileType = text.plist.xml; path = Info.plist; sourceTree = "<group>"; };
		A6CFE222D08680F263E2597A /* Pods-Baseball Calculator 2.0.debug.xcconfig */ = {isa = PBXFileReference; includeInIndex = 1; lastKnownFileType = text.xcconfig; name = "Pods-Baseball Calculator 2.0.debug.xcconfig"; path = "Pods/Target Support Files/Pods-Baseball Calculator 2.0/Pods-Baseball Calculator 2.0.debug.xcconfig"; sourceTree = "<group>"; };
		CFF516728A400F7AC6DEA168 /* Pods-Baseball Calculator 2.0.release.xcconfig */ = {isa = PBXFileReference; includeInIndex = 1; lastKnownFileType = text.xcconfig; name = "Pods-Baseball Calculator 2.0.release.xcconfig"; path = "Pods/Target Support Files/Pods-Baseball Calculator 2.0/Pods-Baseball Calculator 2.0.release.xcconfig"; sourceTree = "<group>"; };
/* End PBXFileReference section */

/* Begin PBXFrameworksBuildPhase section */
		89907E061C6025DE00563F75 /* Frameworks */ = {
			isa = PBXFrameworksBuildPhase;
			buildActionMask = 2147483647;
			files = (
				E0CF2EA911ABE14C4B1F0A2E /* Pods_Baseball_Calculator_2_0.framework in Frameworks */,
			);
			runOnlyForDeploymentPostprocessing = 0;
		};
		89907E1A1C6025DE00563F75 /* Frameworks */ = {
			isa = PBXFrameworksBuildPhase;
			buildActionMask = 2147483647;
			files = (
			);
			runOnlyForDeploymentPostprocessing = 0;
		};
		89907E251C6025DE00563F75 /* Frameworks */ = {
			isa = PBXFrameworksBuildPhase;
			buildActionMask = 2147483647;
			files = (
			);
			runOnlyForDeploymentPostprocessing = 0;
		};
/* End PBXFrameworksBuildPhase section */

/* Begin PBXGroup section */
		1039E43C29AB26BD63C8E2D8 /* Pods */ = {
			isa = PBXGroup;
			children = (
				A6CFE222D08680F263E2597A /* Pods-Baseball Calculator 2.0.debug.xcconfig */,
				CFF516728A400F7AC6DEA168 /* Pods-Baseball Calculator 2.0.release.xcconfig */,
			);
			name = Pods;
			sourceTree = "<group>";
		};
		6E8D99417DEFCF936F5BF502 /* Frameworks */ = {
			isa = PBXGroup;
			children = (
				0CED6A7B5B04F26E5262F45E /* Pods_Baseball_Calculator_2_0.framework */,
			);
			name = Frameworks;
			sourceTree = "<group>";
		};
		8907DA861C6585FE00743DC3 /* View */ = {
			isa = PBXGroup;
			children = (
				8907DA891C65869E00743DC3 /* MaterialView.swift */,
			);
			name = View;
			sourceTree = "<group>";
		};
		8907DA871C65863000743DC3 /* Model */ = {
			isa = PBXGroup;
			children = (
			);
			name = Model;
			sourceTree = "<group>";
		};
		8907DA881C65863C00743DC3 /* Controller */ = {
			isa = PBXGroup;
			children = (
				89539C771C716161006E6259 /* LoginViewController.swift */,
			);
			name = Controller;
			sourceTree = "<group>";
		};
		8907DA8B1C6586D600743DC3 /* Util */ = {
			isa = PBXGroup;
			children = (
				8907DA8C1C6586F100743DC3 /* Constants.swift */,
			);
			name = Util;
			sourceTree = "<group>";
		};
		89539C741C715D01006E6259 /* Services */ = {
			isa = PBXGroup;
			children = (
				89539C751C715D2A006E6259 /* DataService.swift */,
			);
			name = Services;
			sourceTree = "<group>";
		};
		89907E001C6025DE00563F75 = {
			isa = PBXGroup;
			children = (
				89907E0B1C6025DE00563F75 /* Baseball Calculator 2.0 */,
				89907E201C6025DE00563F75 /* Baseball Calculator 2.0Tests */,
				89907E2B1C6025DE00563F75 /* Baseball Calculator 2.0UITests */,
				89907E0A1C6025DE00563F75 /* Products */,
				1039E43C29AB26BD63C8E2D8 /* Pods */,
				6E8D99417DEFCF936F5BF502 /* Frameworks */,
			);
			sourceTree = "<group>";
		};
		89907E0A1C6025DE00563F75 /* Products */ = {
			isa = PBXGroup;
			children = (
				89907E091C6025DE00563F75 /* Baseball Calculator 2.0.app */,
				89907E1D1C6025DE00563F75 /* Baseball Calculator 2.0Tests.xctest */,
				89907E281C6025DE00563F75 /* Baseball Calculator 2.0UITests.xctest */,
			);
			name = Products;
			sourceTree = "<group>";
		};
		89907E0B1C6025DE00563F75 /* Baseball Calculator 2.0 */ = {
			isa = PBXGroup;
			children = (
				89539C741C715D01006E6259 /* Services */,
				8907DA8B1C6586D600743DC3 /* Util */,
				8907DA881C65863C00743DC3 /* Controller */,
				8907DA871C65863000743DC3 /* Model */,
				8907DA861C6585FE00743DC3 /* View */,
				89907E0C1C6025DE00563F75 /* AppDelegate.swift */,
				89539C791C7162EF006E6259 /* Main.storyboard */,
				89907E131C6025DE00563F75 /* Assets.xcassets */,
				89907E151C6025DE00563F75 /* LaunchScreen.storyboard */,
				89907E181C6025DE00563F75 /* Info.plist */,
			);
			path = "Baseball Calculator 2.0";
			sourceTree = "<group>";
		};
		89907E201C6025DE00563F75 /* Baseball Calculator 2.0Tests */ = {
			isa = PBXGroup;
			children = (
				89907E211C6025DE00563F75 /* Baseball_Calculator_2_0Tests.swift */,
				89907E231C6025DE00563F75 /* Info.plist */,
			);
			path = "Baseball Calculator 2.0Tests";
			sourceTree = "<group>";
		};
		89907E2B1C6025DE00563F75 /* Baseball Calculator 2.0UITests */ = {
			isa = PBXGroup;
			children = (
				89907E2C1C6025DE00563F75 /* Baseball_Calculator_2_0UITests.swift */,
				89907E2E1C6025DE00563F75 /* Info.plist */,
			);
			path = "Baseball Calculator 2.0UITests";
			sourceTree = "<group>";
		};
/* End PBXGroup section */

/* Begin PBXNativeTarget section */
		89907E081C6025DE00563F75 /* Baseball Calculator 2.0 */ = {
			isa = PBXNativeTarget;
			buildConfigurationList = 89907E311C6025DE00563F75 /* Build configuration list for PBXNativeTarget "Baseball Calculator 2.0" */;
			buildPhases = (
				E4195203B5D1619D291A7369 /* Check Pods Manifest.lock */,
				89907E051C6025DE00563F75 /* Sources */,
				89907E061C6025DE00563F75 /* Frameworks */,
				89907E071C6025DE00563F75 /* Resources */,
				D128CE834104FCF3C0B13852 /* Embed Pods Frameworks */,
				E9D5DE9F9D2B9594993A53D5 /* Copy Pods Resources */,
			);
			buildRules = (
			);
			dependencies = (
			);
			name = "Baseball Calculator 2.0";
			productName = "Baseball Calculator 2.0";
			productReference = 89907E091C6025DE00563F75 /* Baseball Calculator 2.0.app */;
			productType = "com.apple.product-type.application";
		};
		89907E1C1C6025DE00563F75 /* Baseball Calculator 2.0Tests */ = {
			isa = PBXNativeTarget;
			buildConfigurationList = 89907E341C6025DE00563F75 /* Build configuration list for PBXNativeTarget "Baseball Calculator 2.0Tests" */;
			buildPhases = (
				89907E191C6025DE00563F75 /* Sources */,
				89907E1A1C6025DE00563F75 /* Frameworks */,
				89907E1B1C6025DE00563F75 /* Resources */,
			);
			buildRules = (
			);
			dependencies = (
				89907E1F1C6025DE00563F75 /* PBXTargetDependency */,
			);
			name = "Baseball Calculator 2.0Tests";
			productName = "Baseball Calculator 2.0Tests";
			productReference = 89907E1D1C6025DE00563F75 /* Baseball Calculator 2.0Tests.xctest */;
			productType = "com.apple.product-type.bundle.unit-test";
		};
		89907E271C6025DE00563F75 /* Baseball Calculator 2.0UITests */ = {
			isa = PBXNativeTarget;
			buildConfigurationList = 89907E371C6025DE00563F75 /* Build configuration list for PBXNativeTarget "Baseball Calculator 2.0UITests" */;
			buildPhases = (
				89907E241C6025DE00563F75 /* Sources */,
				89907E251C6025DE00563F75 /* Frameworks */,
				89907E261C6025DE00563F75 /* Resources */,
			);
			buildRules = (
			);
			dependencies = (
				89907E2A1C6025DE00563F75 /* PBXTargetDependency */,
			);
			name = "Baseball Calculator 2.0UITests";
			productName = "Baseball Calculator 2.0UITests";
			productReference = 89907E281C6025DE00563F75 /* Baseball Calculator 2.0UITests.xctest */;
			productType = "com.apple.product-type.bundle.ui-testing";
		};
/* End PBXNativeTarget section */

/* Begin PBXProject section */
		89907E011C6025DE00563F75 /* Project object */ = {
			isa = PBXProject;
			attributes = {
				LastSwiftUpdateCheck = 0720;
				LastUpgradeCheck = 0720;
				ORGANIZATIONNAME = JasonBehrend;
				TargetAttributes = {
					89907E081C6025DE00563F75 = {
						CreatedOnToolsVersion = 7.2;
						DevelopmentTeam = 9NKU73X7TX;
					};
					89907E1C1C6025DE00563F75 = {
						CreatedOnToolsVersion = 7.2;
						DevelopmentTeam = 9NKU73X7TX;
						TestTargetID = 89907E081C6025DE00563F75;
					};
					89907E271C6025DE00563F75 = {
						CreatedOnToolsVersion = 7.2;
						DevelopmentTeam = 9NKU73X7TX;
						TestTargetID = 89907E081C6025DE00563F75;
					};
				};
			};
			buildConfigurationList = 89907E041C6025DE00563F75 /* Build configuration list for PBXProject "Baseball Calculator 2.0" */;
			compatibilityVersion = "Xcode 3.2";
			developmentRegion = English;
			hasScannedForEncodings = 0;
			knownRegions = (
				en,
				Base,
			);
			mainGroup = 89907E001C6025DE00563F75;
			productRefGroup = 89907E0A1C6025DE00563F75 /* Products */;
			projectDirPath = "";
			projectRoot = "";
			targets = (
				89907E081C6025DE00563F75 /* Baseball Calculator 2.0 */,
				89907E1C1C6025DE00563F75 /* Baseball Calculator 2.0Tests */,
				89907E271C6025DE00563F75 /* Baseball Calculator 2.0UITests */,
			);
		};
/* End PBXProject section */

/* Begin PBXResourcesBuildPhase section */
		89907E071C6025DE00563F75 /* Resources */ = {
			isa = PBXResourcesBuildPhase;
			buildActionMask = 2147483647;
			files = (
				89539C7B1C7162EF006E6259 /* Main.storyboard in Resources */,
				89907E171C6025DE00563F75 /* LaunchScreen.storyboard in Resources */,
				89907E141C6025DE00563F75 /* Assets.xcassets in Resources */,
			);
			runOnlyForDeploymentPostprocessing = 0;
		};
		89907E1B1C6025DE00563F75 /* Resources */ = {
			isa = PBXResourcesBuildPhase;
			buildActionMask = 2147483647;
			files = (
			);
			runOnlyForDeploymentPostprocessing = 0;
		};
		89907E261C6025DE00563F75 /* Resources */ = {
			isa = PBXResourcesBuildPhase;
			buildActionMask = 2147483647;
			files = (
			);
			runOnlyForDeploymentPostprocessing = 0;
		};
/* End PBXResourcesBuildPhase section */

/* Begin PBXShellScriptBuildPhase section */
		D128CE834104FCF3C0B13852 /* Embed Pods Frameworks */ = {
			isa = PBXShellScriptBuildPhase;
			buildActionMask = 2147483647;
			files = (
			);
			inputPaths = (
			);
			name = "Embed Pods Frameworks";
			outputPaths = (
			);
			runOnlyForDeploymentPostprocessing = 0;
			shellPath = /bin/sh;
			shellScript = "\"${SRCROOT}/Pods/Target Support Files/Pods-Baseball Calculator 2.0/Pods-Baseball Calculator 2.0-frameworks.sh\"\n";
			showEnvVarsInLog = 0;
		};
		E4195203B5D1619D291A7369 /* Check Pods Manifest.lock */ = {
			isa = PBXShellScriptBuildPhase;
			buildActionMask = 2147483647;
			files = (
			);
			inputPaths = (
			);
			name = "Check Pods Manifest.lock";
			outputPaths = (
			);
			runOnlyForDeploymentPostprocessing = 0;
			shellPath = /bin/sh;
			shellScript = "diff \"${PODS_ROOT}/../Podfile.lock\" \"${PODS_ROOT}/Manifest.lock\" > /dev/null\nif [[ $? != 0 ]] ; then\n    cat << EOM\nerror: The sandbox is not in sync with the Podfile.lock. Run 'pod install' or update your CocoaPods installation.\nEOM\n    exit 1\nfi\n";
			showEnvVarsInLog = 0;
		};
		E9D5DE9F9D2B9594993A53D5 /* Copy Pods Resources */ = {
			isa = PBXShellScriptBuildPhase;
			buildActionMask = 2147483647;
			files = (
			);
			inputPaths = (
			);
			name = "Copy Pods Resources";
			outputPaths = (
			);
			runOnlyForDeploymentPostprocessing = 0;
			shellPath = /bin/sh;
			shellScript = "\"${SRCROOT}/Pods/Target Support Files/Pods-Baseball Calculator 2.0/Pods-Baseball Calculator 2.0-resources.sh\"\n";
			showEnvVarsInLog = 0;
		};
/* End PBXShellScriptBuildPhase section */

/* Begin PBXSourcesBuildPhase section */
		89907E051C6025DE00563F75 /* Sources */ = {
			isa = PBXSourcesBuildPhase;
			buildActionMask = 2147483647;
			files = (
				89539C781C716161006E6259 /* LoginViewController.swift in Sources */,
				8907DA8A1C65869E00743DC3 /* MaterialView.swift in Sources */,
				89907E0D1C6025DE00563F75 /* AppDelegate.swift in Sources */,
				8907DA8D1C6586F100743DC3 /* Constants.swift in Sources */,
				89539C761C715D2A006E6259 /* DataService.swift in Sources */,
			);
			runOnlyForDeploymentPostprocessing = 0;
		};
		89907E191C6025DE00563F75 /* Sources */ = {
			isa = PBXSourcesBuildPhase;
			buildActionMask = 2147483647;
			files = (
				89907E221C6025DE00563F75 /* Baseball_Calculator_2_0Tests.swift in Sources */,
			);
			runOnlyForDeploymentPostprocessing = 0;
		};
		89907E241C6025DE00563F75 /* Sources */ = {
			isa = PBXSourcesBuildPhase;
			buildActionMask = 2147483647;
			files = (
				89907E2D1C6025DE00563F75 /* Baseball_Calculator_2_0UITests.swift in Sources */,
			);
			runOnlyForDeploymentPostprocessing = 0;
		};
/* End PBXSourcesBuildPhase section */

/* Begin PBXTargetDependency section */
		89907E1F1C6025DE00563F75 /* PBXTargetDependency */ = {
			isa = PBXTargetDependency;
			target = 89907E081C6025DE00563F75 /* Baseball Calculator 2.0 */;
			targetProxy = 89907E1E1C6025DE00563F75 /* PBXContainerItemProxy */;
		};
		89907E2A1C6025DE00563F75 /* PBXTargetDependency */ = {
			isa = PBXTargetDependency;
			target = 89907E081C6025DE00563F75 /* Baseball Calculator 2.0 */;
			targetProxy = 89907E291C6025DE00563F75 /* PBXContainerItemProxy */;
		};
/* End PBXTargetDependency section */

/* Begin PBXVariantGroup section */
		89539C791C7162EF006E6259 /* Main.storyboard */ = {
			isa = PBXVariantGroup;
			children = (
				89539C7A1C7162EF006E6259 /* Base */,
			);
			name = Main.storyboard;
			sourceTree = "<group>";
		};
		89907E151C6025DE00563F75 /* LaunchScreen.storyboard */ = {
			isa = PBXVariantGroup;
			children = (
				89907E161C6025DE00563F75 /* Base */,
			);
			name = LaunchScreen.storyboard;
			sourceTree = "<group>";
		};
/* End PBXVariantGroup section */

/* Begin XCBuildConfiguration section */
		89907E2F1C6025DE00563F75 /* Debug */ = {
			isa = XCBuildConfiguration;
			buildSettings = {
				ALWAYS_SEARCH_USER_PATHS = NO;
				CLANG_CXX_LANGUAGE_STANDARD = "gnu++0x";
				CLANG_CXX_LIBRARY = "libc++";
				CLANG_ENABLE_MODULES = YES;
				CLANG_ENABLE_OBJC_ARC = YES;
				CLANG_WARN_BOOL_CONVERSION = YES;
				CLANG_WARN_CONSTANT_CONVERSION = YES;
				CLANG_WARN_DIRECT_OBJC_ISA_USAGE = YES_ERROR;
				CLANG_WARN_EMPTY_BODY = YES;
				CLANG_WARN_ENUM_CONVERSION = YES;
				CLANG_WARN_INT_CONVERSION = YES;
				CLANG_WARN_OBJC_ROOT_CLASS = YES_ERROR;
				CLANG_WARN_UNREACHABLE_CODE = YES;
				CLANG_WARN__DUPLICATE_METHOD_MATCH = YES;
				"CODE_SIGN_IDENTITY[sdk=iphoneos*]" = "iPhone Developer";
				COPY_PHASE_STRIP = NO;
				DEBUG_INFORMATION_FORMAT = dwarf;
				ENABLE_STRICT_OBJC_MSGSEND = YES;
				ENABLE_TESTABILITY = YES;
				GCC_C_LANGUAGE_STANDARD = gnu99;
				GCC_DYNAMIC_NO_PIC = NO;
				GCC_NO_COMMON_BLOCKS = YES;
				GCC_OPTIMIZATION_LEVEL = 0;
				GCC_PREPROCESSOR_DEFINITIONS = (
					"DEBUG=1",
					"$(inherited)",
				);
				GCC_WARN_64_TO_32_BIT_CONVERSION = YES;
				GCC_WARN_ABOUT_RETURN_TYPE = YES_ERROR;
				GCC_WARN_UNDECLARED_SELECTOR = YES;
				GCC_WARN_UNINITIALIZED_AUTOS = YES_AGGRESSIVE;
				GCC_WARN_UNUSED_FUNCTION = YES;
				GCC_WARN_UNUSED_VARIABLE = YES;
				IPHONEOS_DEPLOYMENT_TARGET = 9.2;
				MTL_ENABLE_DEBUG_INFO = YES;
				ONLY_ACTIVE_ARCH = YES;
				SDKROOT = iphoneos;
				SWIFT_OPTIMIZATION_LEVEL = "-Onone";
				TARGETED_DEVICE_FAMILY = "1,2";
			};
			name = Debug;
		};
		89907E301C6025DE00563F75 /* Release */ = {
			isa = XCBuildConfiguration;
			buildSettings = {
				ALWAYS_SEARCH_USER_PATHS = NO;
				CLANG_CXX_LANGUAGE_STANDARD = "gnu++0x";
				CLANG_CXX_LIBRARY = "libc++";
				CLANG_ENABLE_MODULES = YES;
				CLANG_ENABLE_OBJC_ARC = YES;
				CLANG_WARN_BOOL_CONVERSION = YES;
				CLANG_WARN_CONSTANT_CONVERSION = YES;
				CLANG_WARN_DIRECT_OBJC_ISA_USAGE = YES_ERROR;
				CLANG_WARN_EMPTY_BODY = YES;
				CLANG_WARN_ENUM_CONVERSION = YES;
				CLANG_WARN_INT_CONVERSION = YES;
				CLANG_WARN_OBJC_ROOT_CLASS = YES_ERROR;
				CLANG_WARN_UNREACHABLE_CODE = YES;
				CLANG_WARN__DUPLICATE_METHOD_MATCH = YES;
				"CODE_SIGN_IDENTITY[sdk=iphoneos*]" = "iPhone Developer";
				COPY_PHASE_STRIP = NO;
				DEBUG_INFORMATION_FORMAT = "dwarf-with-dsym";
				ENABLE_NS_ASSERTIONS = NO;
				ENABLE_STRICT_OBJC_MSGSEND = YES;
				GCC_C_LANGUAGE_STANDARD = gnu99;
				GCC_NO_COMMON_BLOCKS = YES;
				GCC_WARN_64_TO_32_BIT_CONVERSION = YES;
				GCC_WARN_ABOUT_RETURN_TYPE = YES_ERROR;
				GCC_WARN_UNDECLARED_SELECTOR = YES;
				GCC_WARN_UNINITIALIZED_AUTOS = YES_AGGRESSIVE;
				GCC_WARN_UNUSED_FUNCTION = YES;
				GCC_WARN_UNUSED_VARIABLE = YES;
				IPHONEOS_DEPLOYMENT_TARGET = 9.2;
				MTL_ENABLE_DEBUG_INFO = NO;
				SDKROOT = iphoneos;
				TARGETED_DEVICE_FAMILY = "1,2";
				VALIDATE_PRODUCT = YES;
			};
			name = Release;
		};
		89907E321C6025DE00563F75 /* Debug */ = {
			isa = XCBuildConfiguration;
			baseConfigurationReference = A6CFE222D08680F263E2597A /* Pods-Baseball Calculator 2.0.debug.xcconfig */;
			buildSettings = {
				ASSETCATALOG_COMPILER_APPICON_NAME = AppIcon;
				INFOPLIST_FILE = "Baseball Calculator 2.0/Info.plist";
				LD_RUNPATH_SEARCH_PATHS = "$(inherited) @executable_path/Frameworks";
				PRODUCT_BUNDLE_IDENTIFIER = "com.jason.Baseball-Calculator-2-0";
				PRODUCT_NAME = "$(TARGET_NAME)";
			};
			name = Debug;
		};
		89907E331C6025DE00563F75 /* Release */ = {
			isa = XCBuildConfiguration;
			baseConfigurationReference = CFF516728A400F7AC6DEA168 /* Pods-Baseball Calculator 2.0.release.xcconfig */;
			buildSettings = {
				ASSETCATALOG_COMPILER_APPICON_NAME = AppIcon;
				INFOPLIST_FILE = "Baseball Calculator 2.0/Info.plist";
				LD_RUNPATH_SEARCH_PATHS = "$(inherited) @executable_path/Frameworks";
				PRODUCT_BUNDLE_IDENTIFIER = "com.jason.Baseball-Calculator-2-0";
				PRODUCT_NAME = "$(TARGET_NAME)";
			};
			name = Release;
		};
		89907E351C6025DE00563F75 /* Debug */ = {
			isa = XCBuildConfiguration;
			buildSettings = {
				BUNDLE_LOADER = "$(TEST_HOST)";
				INFOPLIST_FILE = "Baseball Calculator 2.0Tests/Info.plist";
				LD_RUNPATH_SEARCH_PATHS = "$(inherited) @executable_path/Frameworks @loader_path/Frameworks";
				PRODUCT_BUNDLE_IDENTIFIER = "com.jason.Baseball-Calculator-2-0Tests";
				PRODUCT_NAME = "$(TARGET_NAME)";
				TEST_HOST = "$(BUILT_PRODUCTS_DIR)/Baseball Calculator 2.0.app/Baseball Calculator 2.0";
			};
			name = Debug;
		};
		89907E361C6025DE00563F75 /* Release */ = {
			isa = XCBuildConfiguration;
			buildSettings = {
				BUNDLE_LOADER = "$(TEST_HOST)";
				INFOPLIST_FILE = "Baseball Calculator 2.0Tests/Info.plist";
				LD_RUNPATH_SEARCH_PATHS = "$(inherited) @executable_path/Frameworks @loader_path/Frameworks";
				PRODUCT_BUNDLE_IDENTIFIER = "com.jason.Baseball-Calculator-2-0Tests";
				PRODUCT_NAME = "$(TARGET_NAME)";
				TEST_HOST = "$(BUILT_PRODUCTS_DIR)/Baseball Calculator 2.0.app/Baseball Calculator 2.0";
			};
			name = Release;
		};
		89907E381C6025DE00563F75 /* Debug */ = {
			isa = XCBuildConfiguration;
			buildSettings = {
				INFOPLIST_FILE = "Baseball Calculator 2.0UITests/Info.plist";
				LD_RUNPATH_SEARCH_PATHS = "$(inherited) @executable_path/Frameworks @loader_path/Frameworks";
				PRODUCT_BUNDLE_IDENTIFIER = "com.jason.Baseball-Calculator-2-0UITests";
				PRODUCT_NAME = "$(TARGET_NAME)";
				TEST_TARGET_NAME = "Baseball Calculator 2.0";
				USES_XCTRUNNER = YES;
			};
			name = Debug;
		};
		89907E391C6025DE00563F75 /* Release */ = {
			isa = XCBuildConfiguration;
			buildSettings = {
				INFOPLIST_FILE = "Baseball Calculator 2.0UITests/Info.plist";
				LD_RUNPATH_SEARCH_PATHS = "$(inherited) @executable_path/Frameworks @loader_path/Frameworks";
				PRODUCT_BUNDLE_IDENTIFIER = "com.jason.Baseball-Calculator-2-0UITests";
				PRODUCT_NAME = "$(TARGET_NAME)";
				TEST_TARGET_NAME = "Baseball Calculator 2.0";
				USES_XCTRUNNER = YES;
			};
			name = Release;
		};
/* End XCBuildConfiguration section */

/* Begin XCConfigurationList section */
		89907E041C6025DE00563F75 /* Build configuration list for PBXProject "Baseball Calculator 2.0" */ = {
			isa = XCConfigurationList;
			buildConfigurations = (
				89907E2F1C6025DE00563F75 /* Debug */,
				89907E301C6025DE00563F75 /* Release */,
			);
			defaultConfigurationIsVisible = 0;
			defaultConfigurationName = Release;
		};
		89907E311C6025DE00563F75 /* Build configuration list for PBXNativeTarget "Baseball Calculator 2.0" */ = {
			isa = XCConfigurationList;
			buildConfigurations = (
				89907E321C6025DE00563F75 /* Debug */,
				89907E331C6025DE00563F75 /* Release */,
			);
			defaultConfigurationIsVisible = 0;
			defaultConfigurationName = Release;
		};
		89907E341C6025DE00563F75 /* Build configuration list for PBXNativeTarget "Baseball Calculator 2.0Tests" */ = {
			isa = XCConfigurationList;
			buildConfigurations = (
				89907E351C6025DE00563F75 /* Debug */,
				89907E361C6025DE00563F75 /* Release */,
			);
			defaultConfigurationIsVisible = 0;
			defaultConfigurationName = Release;
		};
		89907E371C6025DE00563F75 /* Build configuration list for PBXNativeTarget "Baseball Calculator 2.0UITests" */ = {
			isa = XCConfigurationList;
			buildConfigurations = (
				89907E381C6025DE00563F75 /* Debug */,
				89907E391C6025DE00563F75 /* Release */,
			);
			defaultConfigurationIsVisible = 0;
			defaultConfigurationName = Release;
		};
/* End XCConfigurationList section */
	};
	rootObject = 89907E011C6025DE00563F75 /* Project object */;
}
